
Microsoft Visual Studio Solution File, Format Version 12.00
# Visual Studio Version 17
VisualStudioVersion = 17.0.32112.339
MinimumVisualStudioVersion = 10.0.40219.1
Project("{FAE04EC0-301F-11D3-BF4B-00C04F79EFBC}") = "MathTaskClassLibrary1", "MathTaskClassLibrary1\MathTaskClassLibrary1.csproj", "{D2EA3106-BDBA-4EE1-B920-5AA553D8CEE3}"
EndProject
Project("{FAE04EC0-301F-11D3-BF4B-00C04F79EFBC}") = "MathTaskClassLibraryTests", "MathTaskClassLibraryTests\MathTaskClassLibraryTests.csproj", "{A29B039A-3ABE-4F12-A660-531257E2235F}"
EndProject
Global
	GlobalSection(SolutionConfigurationPlatforms) = preSolution
		Debug|Any CPU = Debug|Any CPU
		Release|Any CPU = Release|Any CPU
	EndGlobalSection
	GlobalSection(ProjectConfigurationPlatforms) = postSolution
		{D2EA3106-BDBA-4EE1-B920-5AA553D8CEE3}.Debug|Any CPU.ActiveCfg = Debug|Any CPU
		{D2EA3106-BDBA-4EE1-B920-5AA553D8CEE3}.Debug|Any CPU.Build.0 = Debug|Any CPU
		{D2EA3106-BDBA-4EE1-B920-5AA553D8CEE3}.Release|Any CPU.ActiveCfg = Release|Any CPU
		{D2EA3106-BDBA-4EE1-B920-5AA553D8CEE3}.Release|Any CPU.Build.0 = Release|Any CPU
		{A29B039A-3ABE-4F12-A660-531257E2235F}.Debug|Any CPU.ActiveCfg = Debug|Any CPU
		{A29B039A-3ABE-4F12-A660-531257E2235F}.Debug|Any CPU.Build.0 = Debug|Any CPU
		{A29B039A-3ABE-4F12-A660-531257E2235F}.Release|Any CPU.ActiveCfg = Release|Any CPU
		{A29B039A-3ABE-4F12-A660-531257E2235F}.Release|Any CPU.Build.0 = Release|Any CPU
	EndGlobalSection
	GlobalSection(SolutionProperties) = preSolution
		HideSolutionNode = FALSE
	EndGlobalSection
	GlobalSection(ExtensibilityGlobals) = postSolution
		SolutionGuid = {9141E96E-AD21-4C16-9E1A-562B9112C656}
	EndGlobalSection
EndGlobal
